github.com/go-chi/chi v1.5.5 h1:vOB/HbEMt9QqBqErz07QehcOKHaWFtuj87tTDVz2qXE=
github.com/go-chi/chi v1.5.5/go.mod h1:C9JqLr3tIYjDOZpzn+BCuxY8z8vmca43EeMgyZt7irw=
github.com/joho/godotenv v1.5.1 h1:7eLL/+HRGLY0ldzfGMeQkb7vMd0as4CfYvUVzLqw0N0=
github.com/joho/godotenv v1.5.1/go.mod h1:f4LDr5Voq0i2e/R5DDNOoa2zzDfwtkZa6DnEwAbqwq4=
github.com/oschwald/geoip2-golang/v2 v2.2.0 h1:gdkhpnHQMiH9ymOI+zSB0QKFGH+n4TntNt7vz+TxGPY=
github.com/oschwald/geoip2-golang/v2 v2.2.0/go.mod h1:xW4tCeQiNU1gqMD1x7zEH2CDNM3d796Ls50yxYDaX0U=
github.com/oschwald/maxminddb-golang/v2 v2.4.0 h1:3ftnrR1/XwiQ788bWIRhsE1DK3GOgJ6tm6S2qTktLm8=
github.com/oschwald/maxminddb-golang/v2 v2.4.0/go.mod h1:7jcFtmhWVDEV+UopVv9NjcPm200uMyEHN14LIVV4hW8=
golang.org/x/sys v0.45.0 h1:dO4czNzziLiiXplLQgBCEpCvXQ3dnkn0SdaZSYdQ+FY=
golang.org/x/sys v0.45.0/go.mod h1:4GL1E5IUh+htKOUEOaiffhrAeqysfVGipDYzABqnCmw=
